// !$*UTF8*$!
{
	archiveVersion = 1;
	classes = {
	};
	objectVersion = 46;
	objects = {

/* Begin PBXBuildFile section */
		32B1AA7C19BE8B4F009C9E0D /* AppDelegate.swift in Sources */ = {isa = PBXBuildFile; fileRef = 32B1AA7B19BE8B4F009C9E0D /* AppDelegate.swift */; };
		32B1AA7E19BE8B4F009C9E0D /* ViewController.swift in Sources */ = {isa = PBXBuildFile; fileRef = 32B1AA7D19BE8B4F009C9E0D /* ViewController.swift */; };
		32B1AA8119BE8B4F009C9E0D /* Main.storyboard in Resources */ = {isa = PBXBuildFile; fileRef = 32B1AA7F19BE8B4F009C9E0D /* Main.storyboard */; };
		32B1AA8319BE8B4F009C9E0D /* Images.xcassets in Resources */ = {isa = PBXBuildFile; fileRef = 32B1AA8219BE8B4F009C9E0D /* Images.xcassets */; };
		32B1AA8F19BE8B4F009C9E0D /* tipCaluculatorTests.swift in Sources */ = {isa = PBXBuildFile; fileRef = 32B1AA8E19BE8B4F009C9E0D /* tipCaluculatorTests.swift */; };
		32CEA97F19BE989E0099921E /* SettingsViewController.swift in Sources */ = {isa = PBXBuildFile; fileRef = 32CEA97E19BE989E0099921E /* SettingsViewController.swift */; };
/* End PBXBuildFile section */

/* Begin PBXContainerItemProxy section */
		32B1AA8919BE8B4F009C9E0D /* PBXContainerItemProxy */ = {
			isa = PBXContainerItemProxy;
			containerPortal = 32B1AA6E19BE8B4F009C9E0D /* Project object */;
			proxyType = 1;
			remoteGlobalIDString = 32B1AA7519BE8B4F009C9E0D;
			remoteInfo = tipCaluculator;
		};
/* End PBXContainerItemProxy section */

/* Begin PBXFileReference section */
		32B1AA7619BE8B4F009C9E0D /* tipCaluculator.app */ = {isa = PBXFileReference; explicitFileType = wrapper.application; includeInIndex = 0; path = tipCaluculator.app; sourceTree = BUILT_PRODUCTS_DIR; };
		32B1AA7A19BE8B4F009C9E0D /* Info.plist */ = {isa = PBXFileReference; lastKnownFileType = text.plist.xml; path = Info.plist; sourceTree = "<group>"; };
		32B1AA7B19BE8B4F009C9E0D /* AppDelegate.swift */ = {isa = PBXFileReference; lastKnownFileType = sourcecode.swift; path = AppDelegate.swift; sourceTree = "<group>"; };
		32B1AA7D19BE8B4F009C9E0D /* ViewController.swift */ = {isa = PBXFileReference; lastKnownFileType = sourcecode.swift; path = ViewController.swift; sourceTree = "<group>"; };
		32B1AA8019BE8B4F009C9E0D /* Base */ = {isa = PBXFileReference; lastKnownFileType = file.storyboard; name = Base; path = Base.lproj/Main.storyboard; sourceTree = "<group>"; };
		32B1AA8219BE8B4F009C9E0D /* Images.xcassets */ = {isa = PBXFileReference; lastKnownFileType = folder.assetcatalog; path = Images.xcassets; sourceTree = "<group>"; };
		32B1AA8819BE8B4F009C9E0D /* tipCaluculatorTests.xctest */ = {isa = PBXFileReference; explicitFileType = wrapper.cfbundle; includeInIndex = 0; path = tipCaluculatorTests.xctest; sourceTree = BUILT_PRODUCTS_DIR; };
		32B1AA8D19BE8B4F009C9E0D /* Info.plist */ = {isa = PBXFileReference; lastKnownFileType = text.plist.xml; path = Info.plist; sourceTree = "<group>"; };
		32B1AA8E19BE8B4F009C9E0D /* tipCaluculatorTests.swift */ = {isa = PBXFileReference; lastKnownFileType = sourcecode.swift; path = tipCaluculatorTests.swift; sourceTree = "<group>"; };
		32CEA97E19BE989E0099921E /* SettingsViewController.swift */ = {isa = PBXFileReference; fileEncoding = 4; lastKnownFileType = sourcecode.swift; name = SettingsViewController.swift; path = ../SettingsViewController.swift; sourceTree = "<group>"; };
/* End PBXFileReference section */

/* Begin PBXFrameworksBuildPhase section */
		32B1AA7319BE8B4F009C9E0D /* Frameworks */ = {
			isa = PBXFrameworksBuildPhase;
			buildActionMask = 2147483647;
			files = (
			);
			runOnlyForDeploymentPostprocessing = 0;
		};
		32B1AA8519BE8B4F009C9E0D /* Frameworks */ = {
			isa = PBXFrameworksBuildPhase;
			buildActionMask = 2147483647;
			files = (
			);
			runOnlyForDeploymentPostprocessing = 0;
		};
/* End PBXFrameworksBuildPhase section */

/* Begin PBXGroup section */
		32B1AA6D19BE8B4F009C9E0D = {
			isa = PBXGroup;
			children = (
				32B1AA7819BE8B4F009C9E0D /* tipCaluculator */,
				32B1AA8B19BE8B4F009C9E0D /* tipCaluculatorTests */,
				32B1AA7719BE8B4F009C9E0D /* Products */,
			);
			sourceTree = "<group>";
		};
		32B1AA7719BE8B4F009C9E0D /* Products */ = {
			isa = PBXGroup;
			children = (
				32B1AA7619BE8B4F009C9E0D /* tipCaluculator.app */,
				32B1AA8819BE8B4F009C9E0D /* tipCaluculatorTests.xctest */,
			);
			name = Products;
			sourceTree = "<group>";
		};
		32B1AA7819BE8B4F009C9E0D /* tipCaluculator */ = {
			isa = PBXGroup;
			children = (
				32CEA98019BE98C00099921E /* View Controllers */,
				32B1AA7B19BE8B4F009C9E0D /* AppDelegate.swift */,
				32B1AA7F19BE8B4F009C9E0D /* Main.storyboard */,
				32B1AA8219BE8B4F009C9E0D /* Images.xcassets */,
				32B1AA7919BE8B4F009C9E0D /* Supporting Files */,
			);
			path = tipCaluculator;
			sourceTree = "<group>";
		};
		32B1AA7919BE8B4F009C9E0D /* Supporting Files */ = {
			isa = PBXGroup;
			children = (
				32B1AA7A19BE8B4F009C9E0D /* Info.plist */,
			);
			name = "Supporting Files";
			sourceTree = "<group>";
		};
		32B1AA8B19BE8B4F009C9E0D /* tipCaluculatorTests */ = {
			isa = PBXGroup;
			children = (
				32B1AA8E19BE8B4F009C9E0D /* tipCaluculatorTests.swift */,
				32B1AA8C19BE8B4F009C9E0D /* Supporting Files */,
			);
			path = tipCaluculatorTests;
			sourceTree = "<group>";
		};
		32B1AA8C19BE8B4F009C9E0D /* Supporting Files */ = {
			isa = PBXGroup;
			children = (
				32B1AA8D19BE8B4F009C9E0D /* Info.plist */,
			);
			name = "Supporting Files";
			sourceTree = "<group>";
		};
		32CEA98019BE98C00099921E /* View Controllers */ = {
			isa = PBXGroup;
			children = (
				32B1AA7D19BE8B4F009C9E0D /* ViewController.swift */,
				32CEA97E19BE989E0099921E /* SettingsViewController.swift */,
			);
			name = "View Controllers";
			sourceTree = "<group>";
		};
/* End PBXGroup section */

/* Begin PBXNativeTarget section */
		32B1AA7519BE8B4F009C9E0D /* tipCaluculator */ = {
			isa = PBXNativeTarget;
			buildConfigurationList = 32B1AA9219BE8B4F009C9E0D /* Build configuration list for PBXNativeTarget "tipCaluculator" */;
			buildPhases = (
				32B1AA7219BE8B4F009C9E0D /* Sources */,
				32B1AA7319BE8B4F009C9E0D /* Frameworks */,
				32B1AA7419BE8B4F009C9E0D /* Resources */,
			);
			buildRules = (
			);
			dependencies = (
			);
			name = tipCaluculator;
			productName = tipCaluculator;
			productReference = 32B1AA7619BE8B4F009C9E0D /* tipCaluculator.app */;
			productType = "com.apple.product-type.application";
		};
		32B1AA8719BE8B4F009C9E0D /* tipCaluculatorTests */ = {
			isa = PBXNativeTarget;
			buildConfigurationList = 32B1AA9519BE8B4F009C9E0D /* Build configuration list for PBXNativeTarget "tipCaluculatorTests" */;
			buildPhases = (
				32B1AA8419BE8B4F009C9E0D /* Sources */,
				32B1AA8519BE8B4F009C9E0D /* Frameworks */,
				32B1AA8619BE8B4F009C9E0D /* Resources */,
			);
			buildRules = (
			);
			dependencies = (
				32B1AA8A19BE8B4F009C9E0D /* PBXTargetDependency */,
			);
			name = tipCaluculatorTests;
			productName = tipCaluculatorTests;
			productReference = 32B1AA8819BE8B4F009C9E0D /* tipCaluculatorTests.xctest */;
			productType = "com.apple.product-type.bundle.unit-test";
		};
/* End PBXNativeTarget section */

/* Begin PBXProject section */
		32B1AA6E19BE8B4F009C9E0D /* Project object */ = {
			isa = PBXProject;
			attributes = {
				LastUpgradeCheck = 0600;
				ORGANIZATIONNAME = mgoenka;
				TargetAttributes = {
					32B1AA7519BE8B4F009C9E0D = {
						CreatedOnToolsVersion = 6.0;
					};
					32B1AA8719BE8B4F009C9E0D = {
						CreatedOnToolsVersion = 6.0;
						TestTargetID = 32B1AA7519BE8B4F009C9E0D;
					};
				};
			};
			buildConfigurationList = 32B1AA7119BE8B4F009C9E0D /* Build configuration list for PBXProject "tipCaluculator" */;
			compatibilityVersion = "Xcode 3.2";
			developmentRegion = English;
			hasScannedForEncodings = 0;
			knownRegions = (
				en,
				Base,
			);
			mainGroup = 32B1AA6D19BE8B4F009C9E0D;
			productRefGroup = 32B1AA7719BE8B4F009C9E0D /* Products */;
			projectDirPath = "";
			projectRoot = "";
			targets = (
				32B1AA7519BE8B4F009C9E0D /* tipCaluculator */,
				32B1AA8719BE8B4F009C9E0D /* tipCaluculatorTests */,
			);
		};
/* End PBXProject section */

/* Begin PBXResourcesBuildPhase section */
		32B1AA7419BE8B4F009C9E0D /* Resources */ = {
			isa = PBXResourcesBuildPhase;
			buildActionMask = 2147483647;
			files = (
				32B1AA8119BE8B4F009C9E0D /* Main.storyboard in Resources */,
				32B1AA8319BE8B4F009C9E0D /* Images.xcassets in Resources */,
			);
			runOnlyForDeploymentPostprocessing = 0;
		};
		32B1AA8619BE8B4F009C9E0D /* Resources */ = {
			isa = PBXResourcesBuildPhase;
			buildActionMask = 2147483647;
			files = (
			);
			runOnlyForDeploymentPostprocessing = 0;
		};
/* End PBXResourcesBuildPhase section */

/* Begin PBXSourcesBuildPhase section */
		32B1AA7219BE8B4F009C9E0D /* Sources */ = {
			isa = PBXSourcesBuildPhase;
			buildActionMask = 2147483647;
			files = (
				32B1AA7E19BE8B4F009C9E0D /* ViewController.swift in Sources */,
				32B1AA7C19BE8B4F009C9E0D /* AppDelegate.swift in Sources */,
				32CEA97F19BE989E0099921E /* SettingsViewController.swift in Sources */,
			);
			runOnlyForDeploymentPostprocessing = 0;
		};
		32B1AA8419BE8B4F009C9E0D /* Sources */ = {
			isa = PBXSourcesBuildPhase;
			buildActionMask = 2147483647;
			files = (
				32B1AA8F19BE8B4F009C9E0D /* tipCaluculatorTests.swift in Sources */,
			);
			runOnlyForDeploymentPostprocessing = 0;
		};
/* End PBXSourcesBuildPhase section */

/* Begin PBXTargetDependency section */
		32B1AA8A19BE8B4F009C9E0D /* PBXTargetDependency */ = {
			isa = PBXTargetDependency;
			target = 32B1AA7519BE8B4F009C9E0D /* tipCaluculator */;
			targetProxy = 32B1AA8919BE8B4F009C9E0D /* PBXContainerItemProxy */;
		};
/* End PBXTargetDependency section */

/* Begin PBXVariantGroup section */
		32B1AA7F19BE8B4F009C9E0D /* Main.storyboard */ = {
			isa = PBXVariantGroup;
			children = (
				32B1AA8019BE8B4F009C9E0D /* Base */,
			);
			name = Main.storyboard;
			sourceTree = "<group>";
		};
/* End PBXVariantGroup section */

/* Begin XCBuildConfiguration section */
		32B1AA9019BE8B4F009C9E0D /* Debug */ = {
			isa = XCBuildConfiguration;
			buildSettings = {
				ALWAYS_SEARCH_USER_PATHS = NO;
				CLANG_CXX_LANGUAGE_STANDARD = "gnu++0x";
				CLANG_CXX_LIBRARY = "libc++";
				CLANG_ENABLE_MODULES = YES;
				CLANG_ENABLE_OBJC_ARC = YES;
				CLANG_WARN_BOOL_CONVERSION = YES;
				CLANG_WARN_CONSTANT_CONVERSION = YES;
				CLANG_WARN_DIRECT_OBJC_ISA_USAGE = YES_ERROR;
				CLANG_WARN_EMPTY_BODY = YES;
				CLANG_WARN_ENUM_CONVERSION = YES;
				CLANG_WARN_INT_CONVERSION = YES;
				CLANG_WARN_OBJC_ROOT_CLASS = YES_ERROR;
				CLANG_WARN_UNREACHABLE_CODE = YES;
				CLANG_WARN__DUPLICATE_METHOD_MATCH = YES;
				"CODE_SIGN_IDENTITY[sdk=iphoneos*]" = "iPhone Developer";
				COPY_PHASE_STRIP = NO;
				ENABLE_STRICT_OBJC_MSGSEND = YES;
				GCC_C_LANGUAGE_STANDARD = gnu99;
				GCC_DYNAMIC_NO_PIC = NO;
				GCC_OPTIMIZATION_LEVEL = 0;
				GCC_PREPROCESSOR_DEFINITIONS = (
					"DEBUG=1",
					"$(inherited)",
				);
				GCC_SYMBOLS_PRIVATE_EXTERN = NO;
				GCC_WARN_64_TO_32_BIT_CONVERSION = YES;
				GCC_WARN_ABOUT_RETURN_TYPE = YES_ERROR;
				GCC_WARN_UNDECLARED_SELECTOR = YES;
				GCC_WARN_UNINITIALIZED_AUTOS = YES_AGGRESSIVE;
				GCC_WARN_UNUSED_FUNCTION = YES;
				GCC_WARN_UNUSED_VARIABLE = YES;
				IPHONEOS_DEPLOYMENT_TARGET = 8.0;
				MTL_ENABLE_DEBUG_INFO = YES;
				ONLY_ACTIVE_ARCH = YES;
				SDKROOT = iphoneos;
				SWIFT_OPTIMIZATION_LEVEL = "-Onone";
			};
			name = Debug;
		};
		32B1AA9119BE8B4F009C9E0D /* Release */ = {
			isa = XCBuildConfiguration;
			buildSettings = {
				ALWAYS_SEARCH_USER_PATHS = NO;
				CLANG_CXX_LANGUAGE_STANDARD = "gnu++0x";
				CLANG_CXX_LIBRARY = "libc++";
				CLANG_ENABLE_MODULES = YES;
				CLANG_ENABLE_OBJC_ARC = YES;
				CLANG_WARN_BOOL_CONVERSION = YES;
				CLANG_WARN_CONSTANT_CONVERSION = YES;
				CLANG_WARN_DIRECT_OBJC_ISA_USAGE = YES_ERROR;
				CLANG_WARN_EMPTY_BODY = YES;
				CLANG_WARN_ENUM_CONVERSION = YES;
				CLANG_WARN_INT_CONVERSION = YES;
				CLANG_WARN_OBJC_ROOT_CLASS = YES_ERROR;
				CLANG_WARN_UNREACHABLE_CODE = YES;
				CLANG_WARN__DUPLICATE_METHOD_MATCH = YES;
				"CODE_SIGN_IDENTITY[sdk=iphoneos*]" = "iPhone Developer";
				COPY_PHASE_STRIP = YES;
				ENABLE_NS_ASSERTIONS = NO;
				ENABLE_STRICT_OBJC_MSGSEND = YES;
				GCC_C_LANGUAGE_STANDARD = gnu99;
				GCC_WARN_64_TO_32_BIT_CONVERSION = YES;
				GCC_WARN_ABOUT_RETURN_TYPE = YES_ERROR;
				GCC_WARN_UNDECLARED_SELECTOR = YES;
				GCC_WARN_UNINITIALIZED_AUTOS = YES_AGGRESSIVE;
				GCC_WARN_UNUSED_FUNCTION = YES;
				GCC_WARN_UNUSED_VARIABLE = YES;
				IPHONEOS_DEPLOYMENT_TARGET = 8.0;
				MTL_ENABLE_DEBUG_INFO = NO;
				SDKROOT = iphoneos;
				VALIDATE_PRODUCT = YES;
			};
			name = Release;
		};
		32B1AA9319BE8B4F009C9E0D /* Debug */ = {
			isa = XCBuildConfiguration;
			buildSettings = {
				ASSETCATALOG_COMPILER_APPICON_NAME = AppIcon;
				ASSETCATALOG_COMPILER_LAUNCHIMAGE_NAME = LaunchImage;
				INFOPLIST_FILE = tipCaluculator/Info.plist;
				LD_RUNPATH_SEARCH_PATHS = "$(inherited) @executable_path/Frameworks";
				PRODUCT_NAME = "$(TARGET_NAME)";
			};
			name = Debug;
		};
		32B1AA9419BE8B4F009C9E0D /* Release */ = {
			isa = XCBuildConfiguration;
			buildSettings = {
				ASSETCATALOG_COMPILER_APPICON_NAME = AppIcon;
				ASSETCATALOG_COMPILER_LAUNCHIMAGE_NAME = LaunchImage;
				INFOPLIST_FILE = tipCaluculator/Info.plist;
				LD_RUNPATH_SEARCH_PATHS = "$(inherited) @executable_path/Frameworks";
				PRODUCT_NAME = "$(TARGET_NAME)";
			};
			name = Release;
		};
		32B1AA9619BE8B4F009C9E0D /* Debug */ = {
			isa = XCBuildConfiguration;
			buildSettings = {
				BUNDLE_LOADER = "$(TEST_HOST)";
				FRAMEWORK_SEARCH_PATHS = (
					"$(SDKROOT)/Developer/Library/Frameworks",
					"$(inherited)",
				);
				GCC_PREPROCESSOR_DEFINITIONS = (
					"DEBUG=1",
					"$(inherited)",
				);
				INFOPLIST_FILE = tipCaluculatorTests/Info.plist;
				LD_RUNPATH_SEARCH_PATHS = "$(inherited) @executable_path/Frameworks @loader_path/Frameworks";
				PRODUCT_NAME = "$(TARGET_NAME)";
				TEST_HOST = "$(BUILT_PRODUCTS_DIR)/tipCaluculator.app/tipCaluculator";
			};
			name = Debug;
		};
		32B1AA9719BE8B4F009C9E0D /* Release */ = {
			isa = XCBuildConfiguration;
			buildSettings = {
				BUNDLE_LOADER = "$(TEST_HOST)";
				FRAMEWORK_SEARCH_PATHS = (
					"$(SDKROOT)/Developer/Library/Frameworks",
					"$(inherited)",
				);
				INFOPLIST_FILE = tipCaluculatorTests/Info.plist;
				LD_RUNPATH_SEARCH_PATHS = "$(inherited) @executable_path/Frameworks @loader_path/Frameworks";
				PRODUCT_NAME = "$(TARGET_NAME)";
				TEST_HOST = "$(BUILT_PRODUCTS_DIR)/tipCaluculator.app/tipCaluculator";
			};
			name = Release;
		};
/* End XCBuildConfiguration section */

/* Begin XCConfigurationList section */
		32B1AA7119BE8B4F009C9E0D /* Build configuration list for PBXProject "tipCaluculator" */ = {
			isa = XCConfigurationList;
			buildConfigurations = (
				32B1AA9019BE8B4F009C9E0D /* Debug */,
				32B1AA9119BE8B4F009C9E0D /* Release */,
			);
			defaultConfigurationIsVisible = 0;
			defaultConfigurationName = Release;
		};
		32B1AA9219BE8B4F009C9E0D /* Build configuration list for PBXNativeTarget "tipCaluculator" */ = {
			isa = XCConfigurationList;
			buildConfigurations = (
				32B1AA9319BE8B4F009C9E0D /* Debug */,
				32B1AA9419BE8B4F009C9E0D /* Release */,
			);
			defaultConfigurationIsVisible = 0;
			defaultConfigurationName = Release;
		};
		32B1AA9519BE8B4F009C9E0D /* Build configuration list for PBXNativeTarget "tipCaluculatorTests" */ = {
			isa = XCConfigurationList;
			buildConfigurations = (
				32B1AA9619BE8B4F009C9E0D /* Debug */,
				32B1AA9719BE8B4F009C9E0D /* Release */,
			);
			defaultConfigurationIsVisible = 0;
			defaultConfigurationName = Release;
		};
/* End XCConfigurationList section */
	};
	rootObject = 32B1AA6E19BE8B4F009C9E0D /* Project object */;
}
